// !$*UTF8*$!
{
	archiveVersion = 1;
	classes = {
	};
	objectVersion = 46;
	objects = {

/* Begin PBXBuildFile section */
		148630B91C66783F00C8531E /* Cartography.framework in Frameworks */ = {isa = PBXBuildFile; fileRef = 148630B81C66783F00C8531E /* Cartography.framework */; };
		148630BC1C6678B300C8531E /* Cartography.framework.dSYM in Copy Files (1 item) */ = {isa = PBXBuildFile; fileRef = 148630BB1C6678B300C8531E /* Cartography.framework.dSYM */; };
		148630BF1C66803300C8531E /* Constants.swift in Sources */ = {isa = PBXBuildFile; fileRef = 148630BE1C66803300C8531E /* Constants.swift */; };
		148630C11C668AAD00C8531E /* RandomEncounter.swift in Sources */ = {isa = PBXBuildFile; fileRef = 148630C01C668AAD00C8531E /* RandomEncounter.swift */; };
		148630C31C668C1200C8531E /* ElevatorMusicPlayer.swift in Sources */ = {isa = PBXBuildFile; fileRef = 148630C21C668C1200C8531E /* ElevatorMusicPlayer.swift */; };
		14B6EB0A1C66A84200D93FD1 /* EncounterNPC.swift in Sources */ = {isa = PBXBuildFile; fileRef = 14B6EB091C66A84200D93FD1 /* EncounterNPC.swift */; };
		14B6EB0C1C66A8A900D93FD1 /* EncounterDialogChoices.swift in Sources */ = {isa = PBXBuildFile; fileRef = 14B6EB0B1C66A8A900D93FD1 /* EncounterDialogChoices.swift */; };
		14B6EB0E1C66AFCB00D93FD1 /* ElevatorDoors.swift in Sources */ = {isa = PBXBuildFile; fileRef = 14B6EB0D1C66AFCB00D93FD1 /* ElevatorDoors.swift */; };
		14CEF7191C6675F1001FA765 /* ElevatorFloorsView.swift in Sources */ = {isa = PBXBuildFile; fileRef = 14CEF7181C6675F1001FA765 /* ElevatorFloorsView.swift */; };
		CA145E001C64F8A500C1B5BD /* AppDelegate.swift in Sources */ = {isa = PBXBuildFile; fileRef = CA145DFF1C64F8A500C1B5BD /* AppDelegate.swift */; };
		CA145E021C64F8A500C1B5BD /* ViewController.swift in Sources */ = {isa = PBXBuildFile; fileRef = CA145E011C64F8A500C1B5BD /* ViewController.swift */; };
		CA145E071C64F8A500C1B5BD /* Assets.xcassets in Resources */ = {isa = PBXBuildFile; fileRef = CA145E061C64F8A500C1B5BD /* Assets.xcassets */; };
		CA145E0A1C64F8A500C1B5BD /* LaunchScreen.storyboard in Resources */ = {isa = PBXBuildFile; fileRef = CA145E081C64F8A500C1B5BD /* LaunchScreen.storyboard */; };
		CA145E131C64FEAA00C1B5BD /* Haitch.framework in Frameworks */ = {isa = PBXBuildFile; fileRef = CA145E121C64FEAA00C1B5BD /* Haitch.framework */; };
		CA145E171C64FF9000C1B5BD /* Haitch.framework.dSYM in Copy Files (1 item) */ = {isa = PBXBuildFile; fileRef = CA145E161C64FF9000C1B5BD /* Haitch.framework.dSYM */; };
		CA145E241C6502CA00C1B5BD /* PosseKit.framework in Frameworks */ = {isa = PBXBuildFile; fileRef = CA145E231C6502CA00C1B5BD /* PosseKit.framework */; };
		CA145E251C6502CA00C1B5BD /* PosseKit.framework in Embed Frameworks */ = {isa = PBXBuildFile; fileRef = CA145E231C6502CA00C1B5BD /* PosseKit.framework */; settings = {ATTRIBUTES = (CodeSignOnCopy, RemoveHeadersOnCopy, ); }; };
		CA145E281C6669DB00C1B5BD /* DerpViewController.swift in Sources */ = {isa = PBXBuildFile; fileRef = CA145E271C6669DB00C1B5BD /* DerpViewController.swift */; };
		CA145E2A1C668B2400C1B5BD /* ButtonEntryView.swift in Sources */ = {isa = PBXBuildFile; fileRef = CA145E291C668B2400C1B5BD /* ButtonEntryView.swift */; };
/* End PBXBuildFile section */

/* Begin PBXCopyFilesBuildPhase section */
		CA145E151C64FF7500C1B5BD /* Copy Files (1 item) */ = {
			isa = PBXCopyFilesBuildPhase;
			buildActionMask = 2147483647;
			dstPath = "";
			dstSubfolderSpec = 7;
			files = (
				148630BC1C6678B300C8531E /* Cartography.framework.dSYM in Copy Files (1 item) */,
				CA145E171C64FF9000C1B5BD /* Haitch.framework.dSYM in Copy Files (1 item) */,
			);
			name = "Copy Files (1 item)";
			runOnlyForDeploymentPostprocessing = 0;
		};
		CA145E261C6502CA00C1B5BD /* Embed Frameworks */ = {
			isa = PBXCopyFilesBuildPhase;
			buildActionMask = 2147483647;
			dstPath = "";
			dstSubfolderSpec = 10;
			files = (
				CA145E251C6502CA00C1B5BD /* PosseKit.framework in Embed Frameworks */,
			);
			name = "Embed Frameworks";
			runOnlyForDeploymentPostprocessing = 0;
		};
/* End PBXCopyFilesBuildPhase section */

/* Begin PBXFileReference section */
		148630B81C66783F00C8531E /* Cartography.framework */ = {isa = PBXFileReference; lastKnownFileType = wrapper.framework; name = Cartography.framework; path = ../Carthage/Build/iOS/Cartography.framework; sourceTree = "<group>"; };
		148630BB1C6678B300C8531E /* Cartography.framework.dSYM */ = {isa = PBXFileReference; lastKnownFileType = wrapper.dsym; path = Cartography.framework.dSYM; sourceTree = "<group>"; };
		148630BE1C66803300C8531E /* Constants.swift */ = {isa = PBXFileReference; fileEncoding = 4; lastKnownFileType = sourcecode.swift; name = Constants.swift; path = Common/Constants.swift; sourceTree = "<group>"; };
		148630C01C668AAD00C8531E /* RandomEncounter.swift */ = {isa = PBXFileReference; fileEncoding = 4; lastKnownFileType = sourcecode.swift; name = RandomEncounter.swift; path = "Derp Random Events/RandomEncounter.swift"; sourceTree = "<group>"; };
		148630C21C668C1200C8531E /* ElevatorMusicPlayer.swift */ = {isa = PBXFileReference; fileEncoding = 4; lastKnownFileType = sourcecode.swift; path = ElevatorMusicPlayer.swift; sourceTree = "<group>"; };
		14B6EB091C66A84200D93FD1 /* EncounterNPC.swift */ = {isa = PBXFileReference; fileEncoding = 4; lastKnownFileType = sourcecode.swift; name = EncounterNPC.swift; path = "Derp Random Events/EncounterNPC.swift"; sourceTree = "<group>"; };
		14B6EB0B1C66A8A900D93FD1 /* EncounterDialogChoices.swift */ = {isa = PBXFileReference; fileEncoding = 4; lastKnownFileType = sourcecode.swift; name = EncounterDialogChoices.swift; path = "Derp Random Events/EncounterDialogChoices.swift"; sourceTree = "<group>"; };
		14B6EB0D1C66AFCB00D93FD1 /* ElevatorDoors.swift */ = {isa = PBXFileReference; fileEncoding = 4; lastKnownFileType = sourcecode.swift; name = ElevatorDoors.swift; path = "Derp Views/ElevatorDoors.swift"; sourceTree = "<group>"; };
		14CEF7181C6675F1001FA765 /* ElevatorFloorsView.swift */ = {isa = PBXFileReference; fileEncoding = 4; lastKnownFileType = sourcecode.swift; name = ElevatorFloorsView.swift; path = "Derp Views/ElevatorFloorsView.swift"; sourceTree = "<group>"; };
		CA145DFC1C64F8A500C1B5BD /* terriblehackathon.app */ = {isa = PBXFileReference; explicitFileType = wrapper.application; includeInIndex = 0; path = terriblehackathon.app; sourceTree = BUILT_PRODUCTS_DIR; };
		CA145DFF1C64F8A500C1B5BD /* AppDelegate.swift */ = {isa = PBXFileReference; lastKnownFileType = sourcecode.swift; path = AppDelegate.swift; sourceTree = "<group>"; };
		CA145E011C64F8A500C1B5BD /* ViewController.swift */ = {isa = PBXFileReference; lastKnownFileType = sourcecode.swift; path = ViewController.swift; sourceTree = "<group>"; };
		CA145E061C64F8A500C1B5BD /* Assets.xcassets */ = {isa = PBXFileReference; lastKnownFileType = folder.assetcatalog; path = Assets.xcassets; sourceTree = "<group>"; };
		CA145E091C64F8A500C1B5BD /* Base */ = {isa = PBXFileReference; lastKnownFileType = file.storyboard; name = Base; path = Base.lproj/LaunchScreen.storyboard; sourceTree = "<group>"; };
		CA145E0B1C64F8A500C1B5BD /* Info.plist */ = {isa = PBXFileReference; lastKnownFileType = text.plist.xml; path = Info.plist; sourceTree = "<group>"; };
		CA145E121C64FEAA00C1B5BD /* Haitch.framework */ = {isa = PBXFileReference; lastKnownFileType = wrapper.framework; name = Haitch.framework; path = ../Carthage/Build/iOS/Haitch.framework; sourceTree = "<group>"; };
		CA145E161C64FF9000C1B5BD /* Haitch.framework.dSYM */ = {isa = PBXFileReference; lastKnownFileType = wrapper.dsym; name = Haitch.framework.dSYM; path = ../Carthage/Build/iOS/Haitch.framework.dSYM; sourceTree = "<group>"; };
		CA145E231C6502CA00C1B5BD /* PosseKit.framework */ = {isa = PBXFileReference; explicitFileType = wrapper.framework; path = PosseKit.framework; sourceTree = BUILT_PRODUCTS_DIR; };
		CA145E271C6669DB00C1B5BD /* DerpViewController.swift */ = {isa = PBXFileReference; fileEncoding = 4; lastKnownFileType = sourcecode.swift; path = DerpViewController.swift; sourceTree = "<group>"; };
		CA145E291C668B2400C1B5BD /* ButtonEntryView.swift */ = {isa = PBXFileReference; fileEncoding = 4; lastKnownFileType = sourcecode.swift; name = ButtonEntryView.swift; path = "Derp Views/ButtonEntryView.swift"; sourceTree = "<group>"; };
/* End PBXFileReference section */

/* Begin PBXFrameworksBuildPhase section */
		CA145DF91C64F8A500C1B5BD /* Frameworks */ = {
			isa = PBXFrameworksBuildPhase;
			buildActionMask = 2147483647;
			files = (
				148630B91C66783F00C8531E /* Cartography.framework in Frameworks */,
				CA145E241C6502CA00C1B5BD /* PosseKit.framework in Frameworks */,
				CA145E131C64FEAA00C1B5BD /* Haitch.framework in Frameworks */,
			);
			runOnlyForDeploymentPostprocessing = 0;
		};
/* End PBXFrameworksBuildPhase section */

/* Begin PBXGroup section */
		148630BD1C6679EE00C8531E /* Derp Views */ = {
			isa = PBXGroup;
			children = (
				14CEF7181C6675F1001FA765 /* ElevatorFloorsView.swift */,
				CA145E291C668B2400C1B5BD /* ButtonEntryView.swift */,
				14B6EB0D1C66AFCB00D93FD1 /* ElevatorDoors.swift */,
			);
			name = "Derp Views";
			sourceTree = "<group>";
		};
		14B6EB081C669D9F00D93FD1 /* Encounters */ = {
			isa = PBXGroup;
			children = (
				148630C01C668AAD00C8531E /* RandomEncounter.swift */,
				14B6EB091C66A84200D93FD1 /* EncounterNPC.swift */,
				14B6EB0B1C66A8A900D93FD1 /* EncounterDialogChoices.swift */,
			);
			name = Encounters;
			sourceTree = "<group>";
		};
		CA145DF31C64F8A500C1B5BD = {
			isa = PBXGroup;
			children = (
				148630BB1C6678B300C8531E /* Cartography.framework.dSYM */,
				CA145DFE1C64F8A500C1B5BD /* terriblehackathon */,
				CA145DFD1C64F8A500C1B5BD /* Products */,
				CA145E181C64FFCA00C1B5BD /* Frameworks */,
				CA145E191C64FFD100C1B5BD /* dSYMS */,
			);
			sourceTree = "<group>";
		};
		CA145DFD1C64F8A500C1B5BD /* Products */ = {
			isa = PBXGroup;
			children = (
				CA145DFC1C64F8A500C1B5BD /* terriblehackathon.app */,
			);
			name = Products;
			sourceTree = "<group>";
		};
		CA145DFE1C64F8A500C1B5BD /* terriblehackathon */ = {
			isa = PBXGroup;
			children = (
				14B6EB081C669D9F00D93FD1 /* Encounters */,
				148630C21C668C1200C8531E /* ElevatorMusicPlayer.swift */,
				148630BD1C6679EE00C8531E /* Derp Views */,
				CA145E111C64FA1900C1B5BD /* SupportingFiles */,
				CA145E271C6669DB00C1B5BD /* DerpViewController.swift */,
				CA145E011C64F8A500C1B5BD /* ViewController.swift */,
				148630BE1C66803300C8531E /* Constants.swift */,
			);
			path = terriblehackathon;
			sourceTree = "<group>";
		};
		CA145E111C64FA1900C1B5BD /* SupportingFiles */ = {
			isa = PBXGroup;
			children = (
				CA145DFF1C64F8A500C1B5BD /* AppDelegate.swift */,
				CA145E061C64F8A500C1B5BD /* Assets.xcassets */,
				CA145E081C64F8A500C1B5BD /* LaunchScreen.storyboard */,
				CA145E0B1C64F8A500C1B5BD /* Info.plist */,
			);
			name = SupportingFiles;
			sourceTree = "<group>";
		};
		CA145E181C64FFCA00C1B5BD /* Frameworks */ = {
			isa = PBXGroup;
			children = (
				148630B81C66783F00C8531E /* Cartography.framework */,
				CA145E231C6502CA00C1B5BD /* PosseKit.framework */,
				CA145E121C64FEAA00C1B5BD /* Haitch.framework */,
			);
			name = Frameworks;
			sourceTree = "<group>";
		};
		CA145E191C64FFD100C1B5BD /* dSYMS */ = {
			isa = PBXGroup;
			children = (
				CA145E161C64FF9000C1B5BD /* Haitch.framework.dSYM */,
			);
			name = dSYMS;
			sourceTree = "<group>";
		};
/* End PBXGroup section */

/* Begin PBXNativeTarget section */
		CA145DFB1C64F8A500C1B5BD /* terriblehackathon */ = {
			isa = PBXNativeTarget;
			buildConfigurationList = CA145E0E1C64F8A500C1B5BD /* Build configuration list for PBXNativeTarget "terriblehackathon" */;
			buildPhases = (
				CA145DF81C64F8A500C1B5BD /* Sources */,
				CA145DF91C64F8A500C1B5BD /* Frameworks */,
				CA145DFA1C64F8A500C1B5BD /* Resources */,
				CA145E141C64FF4B00C1B5BD /* Copy Carthage Frameworks */,
				CA145E151C64FF7500C1B5BD /* Copy Files (1 item) */,
				CA145E261C6502CA00C1B5BD /* Embed Frameworks */,
			);
			buildRules = (
			);
			dependencies = (
			);
			name = terriblehackathon;
			productName = terriblehackathon;
			productReference = CA145DFC1C64F8A500C1B5BD /* terriblehackathon.app */;
			productType = "com.apple.product-type.application";
		};
/* End PBXNativeTarget section */

/* Begin PBXProject section */
		CA145DF41C64F8A500C1B5BD /* Project object */ = {
			isa = PBXProject;
			attributes = {
				LastSwiftUpdateCheck = 0720;
				LastUpgradeCheck = 0720;
				ORGANIZATIONNAME = terriblehackathon;
				TargetAttributes = {
					CA145DFB1C64F8A500C1B5BD = {
						CreatedOnToolsVersion = 7.2;
					};
				};
			};
			buildConfigurationList = CA145DF71C64F8A500C1B5BD /* Build configuration list for PBXProject "terriblehackathon" */;
			compatibilityVersion = "Xcode 3.2";
			developmentRegion = English;
			hasScannedForEncodings = 0;
			knownRegions = (
				en,
				Base,
			);
			mainGroup = CA145DF31C64F8A500C1B5BD;
			productRefGroup = CA145DFD1C64F8A500C1B5BD /* Products */;
			projectDirPath = "";
			projectRoot = "";
			targets = (
				CA145DFB1C64F8A500C1B5BD /* terriblehackathon */,
			);
		};
/* End PBXProject section */

/* Begin PBXResourcesBuildPhase section */
		CA145DFA1C64F8A500C1B5BD /* Resources */ = {
			isa = PBXResourcesBuildPhase;
			buildActionMask = 2147483647;
			files = (
				CA145E0A1C64F8A500C1B5BD /* LaunchScreen.storyboard in Resources */,
				CA145E071C64F8A500C1B5BD /* Assets.xcassets in Resources */,
			);
			runOnlyForDeploymentPostprocessing = 0;
		};
/* End PBXResourcesBuildPhase section */

/* Begin PBXShellScriptBuildPhase section */
		CA145E141C64FF4B00C1B5BD /* Copy Carthage Frameworks */ = {
			isa = PBXShellScriptBuildPhase;
			buildActionMask = 2147483647;
			files = (
			);
			inputPaths = (
				"$(SRCROOT)/../Carthage/Build/iOS/Haitch.framework",
				"$(SRCROOT)/../Carthage/Build/iOS/Cartography.framework",
			);
			name = "Copy Carthage Frameworks";
			outputPaths = (
			);
			runOnlyForDeploymentPostprocessing = 0;
			shellPath = /bin/sh;
			shellScript = "/usr/local/bin/carthage copy-frameworks";
		};
/* End PBXShellScriptBuildPhase section */

/* Begin PBXSourcesBuildPhase section */
		CA145DF81C64F8A500C1B5BD /* Sources */ = {
			isa = PBXSourcesBuildPhase;
			buildActionMask = 2147483647;
			files = (
				148630BF1C66803300C8531E /* Constants.swift in Sources */,
				14B6EB0A1C66A84200D93FD1 /* EncounterNPC.swift in Sources */,
				14B6EB0E1C66AFCB00D93FD1 /* ElevatorDoors.swift in Sources */,
				14B6EB0C1C66A8A900D93FD1 /* EncounterDialogChoices.swift in Sources */,
				CA145E021C64F8A500C1B5BD /* ViewController.swift in Sources */,
				14CEF7191C6675F1001FA765 /* ElevatorFloorsView.swift in Sources */,
				148630C31C668C1200C8531E /* ElevatorMusicPlayer.swift in Sources */,
				CA145E281C6669DB00C1B5BD /* DerpViewController.swift in Sources */,
				148630C11C668AAD00C8531E /* RandomEncounter.swift in Sources */,
				CA145E001C64F8A500C1B5BD /* AppDelegate.swift in Sources */,
				CA145E2A1C668B2400C1B5BD /* ButtonEntryView.swift in Sources */,
			);
			runOnlyForDeploymentPostprocessing = 0;
		};
/* End PBXSourcesBuildPhase section */

/* Begin PBXVariantGroup section */
		CA145E081C64F8A500C1B5BD /* LaunchScreen.storyboard */ = {
			isa = PBXVariantGroup;
			children = (
				CA145E091C64F8A500C1B5BD /* Base */,
			);
			name = LaunchScreen.storyboard;
			sourceTree = "<group>";
		};
/* End PBXVariantGroup section */

/* Begin XCBuildConfiguration section */
		CA145E0C1C64F8A500C1B5BD /* Debug */ = {
			isa = XCBuildConfiguration;
			buildSettings = {
				ALWAYS_SEARCH_USER_PATHS = NO;
				CLANG_CXX_LANGUAGE_STANDARD = "gnu++0x";
				CLANG_CXX_LIBRARY = "libc++";
				CLANG_ENABLE_MODULES = YES;
				CLANG_ENABLE_OBJC_ARC = YES;
				CLANG_WARN_BOOL_CONVERSION = YES;
				CLANG_WARN_CONSTANT_CONVERSION = YES;
				CLANG_WARN_DIRECT_OBJC_ISA_USAGE = YES_ERROR;
				CLANG_WARN_EMPTY_BODY = YES;
				CLANG_WARN_ENUM_CONVERSION = YES;
				CLANG_WARN_INT_CONVERSION = YES;
				CLANG_WARN_OBJC_ROOT_CLASS = YES_ERROR;
				CLANG_WARN_UNREACHABLE_CODE = YES;
				CLANG_WARN__DUPLICATE_METHOD_MATCH = YES;
				"CODE_SIGN_IDENTITY[sdk=iphoneos*]" = "iPhone Developer";
				COPY_PHASE_STRIP = NO;
				DEBUG_INFORMATION_FORMAT = dwarf;
				ENABLE_STRICT_OBJC_MSGSEND = YES;
				ENABLE_TESTABILITY = YES;
				GCC_C_LANGUAGE_STANDARD = gnu99;
				GCC_DYNAMIC_NO_PIC = NO;
				GCC_NO_COMMON_BLOCKS = YES;
				GCC_OPTIMIZATION_LEVEL = 0;
				GCC_PREPROCESSOR_DEFINITIONS = (
					"DEBUG=1",
					"$(inherited)",
				);
				GCC_WARN_64_TO_32_BIT_CONVERSION = YES;
				GCC_WARN_ABOUT_RETURN_TYPE = YES_ERROR;
				GCC_WARN_UNDECLARED_SELECTOR = YES;
				GCC_WARN_UNINITIALIZED_AUTOS = YES_AGGRESSIVE;
				GCC_WARN_UNUSED_FUNCTION = YES;
				GCC_WARN_UNUSED_VARIABLE = YES;
				MTL_ENABLE_DEBUG_INFO = YES;
				ONLY_ACTIVE_ARCH = YES;
				SDKROOT = iphoneos;
				SWIFT_OPTIMIZATION_LEVEL = "-Onone";
				TARGETED_DEVICE_FAMILY = "1,2";
			};
			name = Debug;
		};
		CA145E0D1C64F8A500C1B5BD /* Release */ = {
			isa = XCBuildConfiguration;
			buildSettings = {
				ALWAYS_SEARCH_USER_PATHS = NO;
				CLANG_CXX_LANGUAGE_STANDARD = "gnu++0x";
				CLANG_CXX_LIBRARY = "libc++";
				CLANG_ENABLE_MODULES = YES;
				CLANG_ENABLE_OBJC_ARC = YES;
				CLANG_WARN_BOOL_CONVERSION = YES;
				CLANG_WARN_CONSTANT_CONVERSION = YES;
				CLANG_WARN_DIRECT_OBJC_ISA_USAGE = YES_ERROR;
				CLANG_WARN_EMPTY_BODY = YES;
				CLANG_WARN_ENUM_CONVERSION = YES;
				CLANG_WARN_INT_CONVERSION = YES;
				CLANG_WARN_OBJC_ROOT_CLASS = YES_ERROR;
				CLANG_WARN_UNREACHABLE_CODE = YES;
				CLANG_WARN__DUPLICATE_METHOD_MATCH = YES;
				"CODE_SIGN_IDENTITY[sdk=iphoneos*]" = "iPhone Developer";
				COPY_PHASE_STRIP = NO;
				DEBUG_INFORMATION_FORMAT = "dwarf-with-dsym";
				ENABLE_NS_ASSERTIONS = NO;
				ENABLE_STRICT_OBJC_MSGSEND = YES;
				GCC_C_LANGUAGE_STANDARD = gnu99;
				GCC_NO_COMMON_BLOCKS = YES;
				GCC_WARN_64_TO_32_BIT_CONVERSION = YES;
				GCC_WARN_ABOUT_RETURN_TYPE = YES_ERROR;
				GCC_WARN_UNDECLARED_SELECTOR = YES;
				GCC_WARN_UNINITIALIZED_AUTOS = YES_AGGRESSIVE;
				GCC_WARN_UNUSED_FUNCTION = YES;
				GCC_WARN_UNUSED_VARIABLE = YES;
				MTL_ENABLE_DEBUG_INFO = NO;
				SDKROOT = iphoneos;
				TARGETED_DEVICE_FAMILY = "1,2";
				VALIDATE_PRODUCT = YES;
			};
			name = Release;
		};
		CA145E0F1C64F8A500C1B5BD /* Debug */ = {
			isa = XCBuildConfiguration;
			buildSettings = {
				ASSETCATALOG_COMPILER_APPICON_NAME = AppIcon;
				FRAMEWORK_SEARCH_PATHS = (
					"$(inherited)",
					"$(SRCROOT)/../Carthage/Build/iOS",
					"$(SRCROOT)/../Carthage/Build/iOS/Cartography",
				);
				INFOPLIST_FILE = terriblehackathon/Info.plist;
				IPHONEOS_DEPLOYMENT_TARGET = 8.1;
				LD_RUNPATH_SEARCH_PATHS = "$(inherited) @executable_path/Frameworks";
				PRODUCT_BUNDLE_IDENTIFIER = com.terriblehackathon.terriblehackathon;
				PRODUCT_NAME = "$(TARGET_NAME)";
			};
			name = Debug;
		};
		CA145E101C64F8A500C1B5BD /* Release */ = {
			isa = XCBuildConfiguration;
			buildSettings = {
				ASSETCATALOG_COMPILER_APPICON_NAME = AppIcon;
				FRAMEWORK_SEARCH_PATHS = (
					"$(inherited)",
					"$(SRCROOT)/../Carthage/Build/iOS",
					"$(SRCROOT)/../Carthage/Build/iOS/Cartography",
				);
				INFOPLIST_FILE = terriblehackathon/Info.plist;
				IPHONEOS_DEPLOYMENT_TARGET = 8.1;
				LD_RUNPATH_SEARCH_PATHS = "$(inherited) @executable_path/Frameworks";
				PRODUCT_BUNDLE_IDENTIFIER = com.terriblehackathon.terriblehackathon;
				PRODUCT_NAME = "$(TARGET_NAME)";
			};
			name = Release;
		};
/* End XCBuildConfiguration section */

/* Begin XCConfigurationList section */
		CA145DF71C64F8A500C1B5BD /* Build configuration list for PBXProject "terriblehackathon" */ = {
			isa = XCConfigurationList;
			buildConfigurations = (
				CA145E0C1C64F8A500C1B5BD /* Debug */,
				CA145E0D1C64F8A500C1B5BD /* Release */,
			);
			defaultConfigurationIsVisible = 0;
			defaultConfigurationName = Release;
		};
		CA145E0E1C64F8A500C1B5BD /* Build configuration list for PBXNativeTarget "terriblehackathon" */ = {
			isa = XCConfigurationList;
			buildConfigurations = (
				CA145E0F1C64F8A500C1B5BD /* Debug */,
				CA145E101C64F8A500C1B5BD /* Release */,
			);
			defaultConfigurationIsVisible = 0;
			defaultConfigurationName = Release;
		};
/* End XCConfigurationList section */
	};
	rootObject = CA145DF41C64F8A500C1B5BD /* Project object */;
}
